{
    "_meta": {
        "hash": {
            "sha256": "7cae497302ebfd2ee7b1c03862a724cb3ff029b1ff6814955b293e50bd3817f0"
        },
        "pipfile-spec": 6,
        "requires": {
            "python_version": "3.7"
        },
        "sources": [
            {
                "name": "pypi",
                "url": "https://pypi.org/simple",
                "verify_ssl": true
            }
        ]
    },
    "default": {
        "future": {
            "hashes": [
                "sha256:858e38522e8fd0d3ce8f0c1feaf0603358e366d5403209674c7b617fa0c24093"
            ],
            "index": "pypi",
            "version": "==0.18.1"
        },
        "psutil": {
            "hashes": [
                "sha256:5ce6b5eb0267233459f4d3980c205828482f450999b8f5b684d9629fea98782a",
                "sha256:72cebfaa422b7978a1d3632b65ff734a34c6b34f4578b68a5c204d633756b810",
                "sha256:77c231b4dff8c1c329a4cd1c22b96c8976c597017ff5b09993cd148d6a94500c",
                "sha256:8846ab0be0cdccd6cc92ecd1246a16e2f2e49f53bd73e522c3a75ac291e1b51d",
                "sha256:a013b4250ccbddc9d22feca0f986a1afc71717ad026c0f2109bbffd007351191",
                "sha256:ad43b83119eeea6d5751023298cd331637e542cbd332196464799e25a5519f8f",
                "sha256:c177777c787d247d02dae6c855330f9ed3e1abf8ca1744c26dd5ff968949999a",
                "sha256:ec1ef313530a9457e48d25e3fdb1723dfa636008bf1b970027462d46f2555d59",
                "sha256:ef3e5e02b3c5d1df366abe7b4820400d5c427579668ad4465ff189d28ded5ebd"
            ],
            "index": "pypi",
            "version": "==5.5.1"
        },
        "pygdbmi": {
            "hashes": [
                "sha256:273219c8a51b3a7ffed204c75ca100fcea54c45b5eb2775cee57869113fb7e7f",
                "sha256:f9ba2873fe2222a4e62652652a9186ed5d2c30389197a5f90f912383e906cf3d"
            ],
            "index": "pypi",
            "version": "==0.9.0.0"
        },
        "six": {
            "hashes": [
                "sha256:3350809f0555b11f552448330d0b52d5f24c91a322ea4a15ef22629740f3761c",
                "sha256:d16a0141ec1a18405cd4ce8b4613101da75da0e9a7aec5bdd4fa804d0e0eba73"
            ],
            "version": "==1.12.0"
        },
        "typing": {
            "hashes": [
                "sha256:91dfe6f3f706ee8cc32d38edbbf304e9b7583fb37108fef38229617f8b3eba23",
                "sha256:c8cabb5ab8945cd2f54917be357d134db9cc1eb039e59d1606dc1e60cb1d9d36",
                "sha256:f38d83c5a7a7086543a0f649564d661859c5146a85775ab90c0d2f93ffaa9714"
            ],
            "index": "pypi",
            "version": "==3.7.4.1"
        },
        "unittest-xml-reporting": {
            "hashes": [
                "sha256:140982e4b58e4052d9ecb775525b246a96bfc1fc26097806e05ea06e9166dd6c",
                "sha256:d1fbc7a1b6c6680ccfe75b5e9701e5431c646970de049e687b4bb35ba4325d72"
            ],
            "index": "pypi",
            "version": "==2.5.1"
        },
        "xmlrunner": {
            "hashes": [
                "sha256:5a6113d049eca7646111ee657266966e5bbfb0b5ceb2e83ee0772e16d7110f39"
            ],
            "index": "pypi",
            "version": "==1.7.7"
        }
    },
    "develop": {}
}
